// !$*UTF8*$!
{
	archiveVersion = 1;
	classes = {
	};
	objectVersion = 56;
	objects = {

/* Begin PBXBuildFile section */
		8918218E2AA64D46004EE3F0 /* RegisterHeaderView.swift in Sources */ = {isa = PBXBuildFile; fileRef = 8918218D2AA64D46004EE3F0 /* RegisterHeaderView.swift */; };
		89682C8E2AA3FA0800E343D0 /* CLTabView.swift in Sources */ = {isa = PBXBuildFile; fileRef = 89682C8D2AA3FA0800E343D0 /* CLTabView.swift */; };
		89682C912AA40F7200E343D0 /* ShelfView.swift in Sources */ = {isa = PBXBuildFile; fileRef = 89682C902AA40F7100E343D0 /* ShelfView.swift */; };
		89682C942AA456A600E343D0 /* Color+Ext.swift in Sources */ = {isa = PBXBuildFile; fileRef = 89682C932AA456A600E343D0 /* Color+Ext.swift */; };
		89682C962AA46B3D00E343D0 /* CalendarView.swift in Sources */ = {isa = PBXBuildFile; fileRef = 89682C952AA46B3D00E343D0 /* CalendarView.swift */; };
		89682C982AA4F77100E343D0 /* LoginView.swift in Sources */ = {isa = PBXBuildFile; fileRef = 89682C972AA4F77100E343D0 /* LoginView.swift */; };
		89682CA72AA519E000E343D0 /* CLButton.swift in Sources */ = {isa = PBXBuildFile; fileRef = 89682CA62AA519E000E343D0 /* CLButton.swift */; };
		89682CAA2AA51CB100E343D0 /* CustomModifier.swift in Sources */ = {isa = PBXBuildFile; fileRef = 89682CA92AA51CB100E343D0 /* CustomModifier.swift */; };
		89682CAD2AA5246A00E343D0 /* LoginViewModel.swift in Sources */ = {isa = PBXBuildFile; fileRef = 89682CAC2AA5246A00E343D0 /* LoginViewModel.swift */; };
		89682CAF2AA5251900E343D0 /* String+Ext.swift in Sources */ = {isa = PBXBuildFile; fileRef = 89682CAE2AA5251900E343D0 /* String+Ext.swift */; };
		89682CB12AA5261C00E343D0 /* LoginFooterView.swift in Sources */ = {isa = PBXBuildFile; fileRef = 89682CB02AA5261C00E343D0 /* LoginFooterView.swift */; };
		89682CB32AA526A800E343D0 /* LoginFormView.swift in Sources */ = {isa = PBXBuildFile; fileRef = 89682CB22AA526A800E343D0 /* LoginFormView.swift */; };
		89C2E89C2AA05E3C00A56E3D /* CoffeeLogApp.swift in Sources */ = {isa = PBXBuildFile; fileRef = 89C2E89B2AA05E3C00A56E3D /* CoffeeLogApp.swift */; };
		89C2E89E2AA05E3C00A56E3D /* HomeView.swift in Sources */ = {isa = PBXBuildFile; fileRef = 89C2E89D2AA05E3C00A56E3D /* HomeView.swift */; };
		89C2E8A02AA05E3D00A56E3D /* Assets.xcassets in Resources */ = {isa = PBXBuildFile; fileRef = 89C2E89F2AA05E3D00A56E3D /* Assets.xcassets */; };
		89C2E8A32AA05E3D00A56E3D /* Preview Assets.xcassets in Resources */ = {isa = PBXBuildFile; fileRef = 89C2E8A22AA05E3D00A56E3D /* Preview Assets.xcassets */; };
		89F6BD812AAEEBAE00FB9A5E /* RegisterFormView.swift in Sources */ = {isa = PBXBuildFile; fileRef = 89F6BD802AAEEBAE00FB9A5E /* RegisterFormView.swift */; };
		89FC01512AA5706C00522DF7 /* RegisterView.swift in Sources */ = {isa = PBXBuildFile; fileRef = 89FC01502AA5706C00522DF7 /* RegisterView.swift */; };
		89FC01532AA57C0A00522DF7 /* RegisterViewModel.swift in Sources */ = {isa = PBXBuildFile; fileRef = 89FC01522AA57C0A00522DF7 /* RegisterViewModel.swift */; };
		89FC01572AA5843300522DF7 /* FormTextField.swift in Sources */ = {isa = PBXBuildFile; fileRef = 89FC01562AA5843300522DF7 /* FormTextField.swift */; };
		89FC015A2AA594E500522DF7 /* User.swift in Sources */ = {isa = PBXBuildFile; fileRef = 89FC01592AA594E500522DF7 /* User.swift */; };
		89FC015C2AA6297700522DF7 /* CustomTextField.swift in Sources */ = {isa = PBXBuildFile; fileRef = 89FC015B2AA6297700522DF7 /* CustomTextField.swift */; };
		89FC015E2AA6321400522DF7 /* AppleView.swift in Sources */ = {isa = PBXBuildFile; fileRef = 89FC015D2AA6321400522DF7 /* AppleView.swift */; };
		89FC01602AA6373900522DF7 /* HeaderView.swift in Sources */ = {isa = PBXBuildFile; fileRef = 89FC015F2AA6373900522DF7 /* HeaderView.swift */; };
/* End PBXBuildFile section */

/* Begin PBXFileReference section */
		8918218D2AA64D46004EE3F0 /* RegisterHeaderView.swift */ = {isa = PBXFileReference; lastKnownFileType = sourcecode.swift; path = RegisterHeaderView.swift; sourceTree = "<group>"; };
		89682C8D2AA3FA0800E343D0 /* CLTabView.swift */ = {isa = PBXFileReference; lastKnownFileType = sourcecode.swift; path = CLTabView.swift; sourceTree = "<group>"; };
		89682C902AA40F7100E343D0 /* ShelfView.swift */ = {isa = PBXFileReference; lastKnownFileType = sourcecode.swift; path = ShelfView.swift; sourceTree = "<group>"; };
		89682C932AA456A600E343D0 /* Color+Ext.swift */ = {isa = PBXFileReference; lastKnownFileType = sourcecode.swift; path = "Color+Ext.swift"; sourceTree = "<group>"; };
		89682C952AA46B3D00E343D0 /* CalendarView.swift */ = {isa = PBXFileReference; lastKnownFileType = sourcecode.swift; path = CalendarView.swift; sourceTree = "<group>"; };
		89682C972AA4F77100E343D0 /* LoginView.swift */ = {isa = PBXFileReference; lastKnownFileType = sourcecode.swift; path = LoginView.swift; sourceTree = "<group>"; };
		89682CA62AA519E000E343D0 /* CLButton.swift */ = {isa = PBXFileReference; lastKnownFileType = sourcecode.swift; path = CLButton.swift; sourceTree = "<group>"; };
		89682CA92AA51CB100E343D0 /* CustomModifier.swift */ = {isa = PBXFileReference; lastKnownFileType = sourcecode.swift; path = CustomModifier.swift; sourceTree = "<group>"; };
		89682CAC2AA5246A00E343D0 /* LoginViewModel.swift */ = {isa = PBXFileReference; lastKnownFileType = sourcecode.swift; path = LoginViewModel.swift; sourceTree = "<group>"; };
		89682CAE2AA5251900E343D0 /* String+Ext.swift */ = {isa = PBXFileReference; lastKnownFileType = sourcecode.swift; path = "String+Ext.swift"; sourceTree = "<group>"; };
		89682CB02AA5261C00E343D0 /* LoginFooterView.swift */ = {isa = PBXFileReference; lastKnownFileType = sourcecode.swift; path = LoginFooterView.swift; sourceTree = "<group>"; };
		89682CB22AA526A800E343D0 /* LoginFormView.swift */ = {isa = PBXFileReference; lastKnownFileType = sourcecode.swift; path = LoginFormView.swift; sourceTree = "<group>"; };
		89C2E8982AA05E3C00A56E3D /* CoffeeLog.app */ = {isa = PBXFileReference; explicitFileType = wrapper.application; includeInIndex = 0; path = CoffeeLog.app; sourceTree = BUILT_PRODUCTS_DIR; };
		89C2E89B2AA05E3C00A56E3D /* CoffeeLogApp.swift */ = {isa = PBXFileReference; lastKnownFileType = sourcecode.swift; path = CoffeeLogApp.swift; sourceTree = "<group>"; };
		89C2E89D2AA05E3C00A56E3D /* HomeView.swift */ = {isa = PBXFileReference; lastKnownFileType = sourcecode.swift; path = HomeView.swift; sourceTree = "<group>"; };
		89C2E89F2AA05E3D00A56E3D /* Assets.xcassets */ = {isa = PBXFileReference; lastKnownFileType = folder.assetcatalog; path = Assets.xcassets; sourceTree = "<group>"; };
		89C2E8A22AA05E3D00A56E3D /* Preview Assets.xcassets */ = {isa = PBXFileReference; lastKnownFileType = folder.assetcatalog; path = "Preview Assets.xcassets"; sourceTree = "<group>"; };
		89F6BD802AAEEBAE00FB9A5E /* RegisterFormView.swift */ = {isa = PBXFileReference; lastKnownFileType = sourcecode.swift; path = RegisterFormView.swift; sourceTree = "<group>"; };
		89FC01502AA5706C00522DF7 /* RegisterView.swift */ = {isa = PBXFileReference; lastKnownFileType = sourcecode.swift; path = RegisterView.swift; sourceTree = "<group>"; };
		89FC01522AA57C0A00522DF7 /* RegisterViewModel.swift */ = {isa = PBXFileReference; lastKnownFileType = sourcecode.swift; path = RegisterViewModel.swift; sourceTree = "<group>"; };
		89FC01562AA5843300522DF7 /* FormTextField.swift */ = {isa = PBXFileReference; lastKnownFileType = sourcecode.swift; path = FormTextField.swift; sourceTree = "<group>"; };
		89FC01592AA594E500522DF7 /* User.swift */ = {isa = PBXFileReference; lastKnownFileType = sourcecode.swift; path = User.swift; sourceTree = "<group>"; };
		89FC015B2AA6297700522DF7 /* CustomTextField.swift */ = {isa = PBXFileReference; lastKnownFileType = sourcecode.swift; path = CustomTextField.swift; sourceTree = "<group>"; };
		89FC015D2AA6321400522DF7 /* AppleView.swift */ = {isa = PBXFileReference; lastKnownFileType = sourcecode.swift; path = AppleView.swift; sourceTree = "<group>"; };
		89FC015F2AA6373900522DF7 /* HeaderView.swift */ = {isa = PBXFileReference; lastKnownFileType = sourcecode.swift; path = HeaderView.swift; sourceTree = "<group>"; };
/* End PBXFileReference section */

/* Begin PBXFrameworksBuildPhase section */
		89C2E8952AA05E3C00A56E3D /* Frameworks */ = {
			isa = PBXFrameworksBuildPhase;
			buildActionMask = 2147483647;
			files = (
			);
			runOnlyForDeploymentPostprocessing = 0;
		};
/* End PBXFrameworksBuildPhase section */

/* Begin PBXGroup section */
		89682C8F2AA40F5B00E343D0 /* Views */ = {
			isa = PBXGroup;
			children = (
				89682CA62AA519E000E343D0 /* CLButton.swift */,
				89FC015B2AA6297700522DF7 /* CustomTextField.swift */,
			);
			path = Views;
			sourceTree = "<group>";
		};
		89682C922AA4569900E343D0 /* Utilities */ = {
			isa = PBXGroup;
			children = (
				89F6BD5B2AA847E200FB9A5E /* UIViewRepresentable */,
				89682CA82AA51CA200E343D0 /* Modifiers */,
				89682C932AA456A600E343D0 /* Color+Ext.swift */,
				89682CAE2AA5251900E343D0 /* String+Ext.swift */,
			);
			path = Utilities;
			sourceTree = "<group>";
		};
		89682C992AA5099C00E343D0 /* Screens */ = {
			isa = PBXGroup;
			children = (
				89FC014F2AA5706200522DF7 /* RegisterView */,
				89682C9B2AA509E700E343D0 /* LoginView */,
				89682C9A2AA509D200E343D0 /* HomeView */,
				89682C8D2AA3FA0800E343D0 /* CLTabView.swift */,
			);
			path = Screens;
			sourceTree = "<group>";
		};
		89682C9A2AA509D200E343D0 /* HomeView */ = {
			isa = PBXGroup;
			children = (
				89682C952AA46B3D00E343D0 /* CalendarView.swift */,
				89682C902AA40F7100E343D0 /* ShelfView.swift */,
				89C2E89D2AA05E3C00A56E3D /* HomeView.swift */,
			);
			path = HomeView;
			sourceTree = "<group>";
		};
		89682C9B2AA509E700E343D0 /* LoginView */ = {
			isa = PBXGroup;
			children = (
				89682CAC2AA5246A00E343D0 /* LoginViewModel.swift */,
				89682CB02AA5261C00E343D0 /* LoginFooterView.swift */,
				89FC015F2AA6373900522DF7 /* HeaderView.swift */,
				89682C972AA4F77100E343D0 /* LoginView.swift */,
				89682CB22AA526A800E343D0 /* LoginFormView.swift */,
			);
			path = LoginView;
			sourceTree = "<group>";
		};
		89682CA82AA51CA200E343D0 /* Modifiers */ = {
			isa = PBXGroup;
			children = (
				89682CA92AA51CB100E343D0 /* CustomModifier.swift */,
			);
			path = Modifiers;
			sourceTree = "<group>";
		};
		89C2E88F2AA05E3C00A56E3D = {
			isa = PBXGroup;
			children = (
				89C2E89A2AA05E3C00A56E3D /* CoffeeLog */,
				89C2E8992AA05E3C00A56E3D /* Products */,
			);
			sourceTree = "<group>";
		};
		89C2E8992AA05E3C00A56E3D /* Products */ = {
			isa = PBXGroup;
			children = (
				89C2E8982AA05E3C00A56E3D /* CoffeeLog.app */,
			);
			name = Products;
			sourceTree = "<group>";
		};
		89C2E89A2AA05E3C00A56E3D /* CoffeeLog */ = {
			isa = PBXGroup;
			children = (
				89FC01582AA594DE00522DF7 /* Models */,
				89682C992AA5099C00E343D0 /* Screens */,
				89682C922AA4569900E343D0 /* Utilities */,
				89682C8F2AA40F5B00E343D0 /* Views */,
				89C2E89B2AA05E3C00A56E3D /* CoffeeLogApp.swift */,
				89C2E89F2AA05E3D00A56E3D /* Assets.xcassets */,
				89C2E8A12AA05E3D00A56E3D /* Preview Content */,
			);
			path = CoffeeLog;
			sourceTree = "<group>";
		};
		89C2E8A12AA05E3D00A56E3D /* Preview Content */ = {
			isa = PBXGroup;
			children = (
				89C2E8A22AA05E3D00A56E3D /* Preview Assets.xcassets */,
			);
			path = "Preview Content";
			sourceTree = "<group>";
		};
		89F6BD5B2AA847E200FB9A5E /* UIViewRepresentable */ = {
			isa = PBXGroup;
			children = (
				89FC015D2AA6321400522DF7 /* AppleView.swift */,
			);
			path = UIViewRepresentable;
			sourceTree = "<group>";
		};
		89FC014F2AA5706200522DF7 /* RegisterView */ = {
			isa = PBXGroup;
			children = (
				89FC01502AA5706C00522DF7 /* RegisterView.swift */,
				89FC01522AA57C0A00522DF7 /* RegisterViewModel.swift */,
				8918218D2AA64D46004EE3F0 /* RegisterHeaderView.swift */,
				89F6BD802AAEEBAE00FB9A5E /* RegisterFormView.swift */,
			);
			path = RegisterView;
			sourceTree = "<group>";
		};
		89FC01582AA594DE00522DF7 /* Models */ = {
			isa = PBXGroup;
			children = (
				89FC01562AA5843300522DF7 /* FormTextField.swift */,
				89FC01592AA594E500522DF7 /* User.swift */,
			);
			path = Models;
			sourceTree = "<group>";
		};
/* End PBXGroup section */

/* Begin PBXNativeTarget section */
		89C2E8972AA05E3C00A56E3D /* CoffeeLog */ = {
			isa = PBXNativeTarget;
			buildConfigurationList = 89C2E8A62AA05E3D00A56E3D /* Build configuration list for PBXNativeTarget "CoffeeLog" */;
			buildPhases = (
				89C2E8942AA05E3C00A56E3D /* Sources */,
				89C2E8952AA05E3C00A56E3D /* Frameworks */,
				89C2E8962AA05E3C00A56E3D /* Resources */,
			);
			buildRules = (
			);
			dependencies = (
			);
			name = CoffeeLog;
			productName = CoffeeLog;
			productReference = 89C2E8982AA05E3C00A56E3D /* CoffeeLog.app */;
			productType = "com.apple.product-type.application";
		};
/* End PBXNativeTarget section */

/* Begin PBXProject section */
		89C2E8902AA05E3C00A56E3D /* Project object */ = {
			isa = PBXProject;
			attributes = {
				BuildIndependentTargetsInParallel = 1;
				LastSwiftUpdateCheck = 1430;
				LastUpgradeCheck = 1430;
				TargetAttributes = {
					89C2E8972AA05E3C00A56E3D = {
						CreatedOnToolsVersion = 14.3.1;
					};
				};
			};
			buildConfigurationList = 89C2E8932AA05E3C00A56E3D /* Build configuration list for PBXProject "CoffeeLog" */;
			compatibilityVersion = "Xcode 14.0";
			developmentRegion = en;
			hasScannedForEncodings = 0;
			knownRegions = (
				en,
				Base,
			);
			mainGroup = 89C2E88F2AA05E3C00A56E3D;
			productRefGroup = 89C2E8992AA05E3C00A56E3D /* Products */;
			projectDirPath = "";
			projectRoot = "";
			targets = (
				89C2E8972AA05E3C00A56E3D /* CoffeeLog */,
			);
		};
/* End PBXProject section */

/* Begin PBXResourcesBuildPhase section */
		89C2E8962AA05E3C00A56E3D /* Resources */ = {
			isa = PBXResourcesBuildPhase;
			buildActionMask = 2147483647;
			files = (
				89C2E8A32AA05E3D00A56E3D /* Preview Assets.xcassets in Resources */,
				89C2E8A02AA05E3D00A56E3D /* Assets.xcassets in Resources */,
			);
			runOnlyForDeploymentPostprocessing = 0;
		};
/* End PBXResourcesBuildPhase section */

/* Begin PBXSourcesBuildPhase section */
		89C2E8942AA05E3C00A56E3D /* Sources */ = {
			isa = PBXSourcesBuildPhase;
			buildActionMask = 2147483647;
			files = (
				89682C912AA40F7200E343D0 /* ShelfView.swift in Sources */,
				89FC01572AA5843300522DF7 /* FormTextField.swift in Sources */,
				89C2E89E2AA05E3C00A56E3D /* HomeView.swift in Sources */,
				89F6BD812AAEEBAE00FB9A5E /* RegisterFormView.swift in Sources */,
				89682CB32AA526A800E343D0 /* LoginFormView.swift in Sources */,
				89FC01532AA57C0A00522DF7 /* RegisterViewModel.swift in Sources */,
				89FC015C2AA6297700522DF7 /* CustomTextField.swift in Sources */,
				89682C962AA46B3D00E343D0 /* CalendarView.swift in Sources */,
				89FC015E2AA6321400522DF7 /* AppleView.swift in Sources */,
				89682CAF2AA5251900E343D0 /* String+Ext.swift in Sources */,
				89682C8E2AA3FA0800E343D0 /* CLTabView.swift in Sources */,
				89FC01512AA5706C00522DF7 /* RegisterView.swift in Sources */,
				89682CA72AA519E000E343D0 /* CLButton.swift in Sources */,
				89682C982AA4F77100E343D0 /* LoginView.swift in Sources */,
				89682CB12AA5261C00E343D0 /* LoginFooterView.swift in Sources */,
				89FC01602AA6373900522DF7 /* HeaderView.swift in Sources */,
				89682CAD2AA5246A00E343D0 /* LoginViewModel.swift in Sources */,
				89C2E89C2AA05E3C00A56E3D /* CoffeeLogApp.swift in Sources */,
				89682C942AA456A600E343D0 /* Color+Ext.swift in Sources */,
				8918218E2AA64D46004EE3F0 /* RegisterHeaderView.swift in Sources */,
				89682CAA2AA51CB100E343D0 /* CustomModifier.swift in Sources */,
				89FC015A2AA594E500522DF7 /* User.swift in Sources */,
			);
			runOnlyForDeploymentPostprocessing = 0;
		};
/* End PBXSourcesBuildPhase section */

/* Begin XCBuildConfiguration section */
		89C2E8A42AA05E3D00A56E3D /* Debug */ = {
			isa = XCBuildConfiguration;
			buildSettings = {
				ALWAYS_SEARCH_USER_PATHS = NO;
				CLANG_ANALYZER_NONNULL = YES;
				CLANG_ANALYZER_NUMBER_OBJECT_CONVERSION = YES_AGGRESSIVE;
				CLANG_CXX_LANGUAGE_STANDARD = "gnu++20";
				CLANG_ENABLE_MODULES = YES;
				CLANG_ENABLE_OBJC_ARC = YES;
				CLANG_ENABLE_OBJC_WEAK = YES;
				CLANG_WARN_BLOCK_CAPTURE_AUTORELEASING = YES;
				CLANG_WARN_BOOL_CONVERSION = YES;
				CLANG_WARN_COMMA = YES;
				CLANG_WARN_CONSTANT_CONVERSION = YES;
				CLANG_WARN_DEPRECATED_OBJC_IMPLEMENTATIONS = YES;
				CLANG_WARN_DIRECT_OBJC_ISA_USAGE = YES_ERROR;
				CLANG_WARN_DOCUMENTATION_COMMENTS = YES;
				CLANG_WARN_EMPTY_BODY = YES;
				CLANG_WARN_ENUM_CONVERSION = YES;
				CLANG_WARN_INFINITE_RECURSION = YES;
				CLANG_WARN_INT_CONVERSION = YES;
				CLANG_WARN_NON_LITERAL_NULL_CONVERSION = YES;
				CLANG_WARN_OBJC_IMPLICIT_RETAIN_SELF = YES;
				CLANG_WARN_OBJC_LITERAL_CONVERSION = YES;
				CLANG_WARN_OBJC_ROOT_CLASS = YES_ERROR;
				CLANG_WARN_QUOTED_INCLUDE_IN_FRAMEWORK_HEADER = YES;
				CLANG_WARN_RANGE_LOOP_ANALYSIS = YES;
				CLANG_WARN_STRICT_PROTOTYPES = YES;
				CLANG_WARN_SUSPICIOUS_MOVE = YES;
				CLANG_WARN_UNGUARDED_AVAILABILITY = YES_AGGRESSIVE;
				CLANG_WARN_UNREACHABLE_CODE = YES;
				CLANG_WARN__DUPLICATE_METHOD_MATCH = YES;
				COPY_PHASE_STRIP = NO;
				DEBUG_INFORMATION_FORMAT = dwarf;
				ENABLE_STRICT_OBJC_MSGSEND = YES;
				ENABLE_TESTABILITY = YES;
				GCC_C_LANGUAGE_STANDARD = gnu11;
				GCC_DYNAMIC_NO_PIC = NO;
				GCC_NO_COMMON_BLOCKS = YES;
				GCC_OPTIMIZATION_LEVEL = 0;
				GCC_PREPROCESSOR_DEFINITIONS = (
					"DEBUG=1",
					"$(inherited)",
				);
				GCC_WARN_64_TO_32_BIT_CONVERSION = YES;
				GCC_WARN_ABOUT_RETURN_TYPE = YES_ERROR;
				GCC_WARN_UNDECLARED_SELECTOR = YES;
				GCC_WARN_UNINITIALIZED_AUTOS = YES_AGGRESSIVE;
				GCC_WARN_UNUSED_FUNCTION = YES;
				GCC_WARN_UNUSED_VARIABLE = YES;
				IPHONEOS_DEPLOYMENT_TARGET = 16.4;
				MTL_ENABLE_DEBUG_INFO = INCLUDE_SOURCE;
				MTL_FAST_MATH = YES;
				ONLY_ACTIVE_ARCH = YES;
				SDKROOT = iphoneos;
				SWIFT_ACTIVE_COMPILATION_CONDITIONS = DEBUG;
				SWIFT_OPTIMIZATION_LEVEL = "-Onone";
			};
			name = Debug;
		};
		89C2E8A52AA05E3D00A56E3D /* Release */ = {
			isa = XCBuildConfiguration;
			buildSettings = {
				ALWAYS_SEARCH_USER_PATHS = NO;
				CLANG_ANALYZER_NONNULL = YES;
				CLANG_ANALYZER_NUMBER_OBJECT_CONVERSION = YES_AGGRESSIVE;
				CLANG_CXX_LANGUAGE_STANDARD = "gnu++20";
				CLANG_ENABLE_MODULES = YES;
				CLANG_ENABLE_OBJC_ARC = YES;
				CLANG_ENABLE_OBJC_WEAK = YES;
				CLANG_WARN_BLOCK_CAPTURE_AUTORELEASING = YES;
				CLANG_WARN_BOOL_CONVERSION = YES;
				CLANG_WARN_COMMA = YES;
				CLANG_WARN_CONSTANT_CONVERSION = YES;
				CLANG_WARN_DEPRECATED_OBJC_IMPLEMENTATIONS = YES;
				CLANG_WARN_DIRECT_OBJC_ISA_USAGE = YES_ERROR;
				CLANG_WARN_DOCUMENTATION_COMMENTS = YES;
				CLANG_WARN_EMPTY_BODY = YES;
				CLANG_WARN_ENUM_CONVERSION = YES;
				CLANG_WARN_INFINITE_RECURSION = YES;
				CLANG_WARN_INT_CONVERSION = YES;
				CLANG_WARN_NON_LITERAL_NULL_CONVERSION = YES;
				CLANG_WARN_OBJC_IMPLICIT_RETAIN_SELF = YES;
				CLANG_WARN_OBJC_LITERAL_CONVERSION = YES;
				CLANG_WARN_OBJC_ROOT_CLASS = YES_ERROR;
				CLANG_WARN_QUOTED_INCLUDE_IN_FRAMEWORK_HEADER = YES;
				CLANG_WARN_RANGE_LOOP_ANALYSIS = YES;
				CLANG_WARN_STRICT_PROTOTYPES = YES;
				CLANG_WARN_SUSPICIOUS_MOVE = YES;
				CLANG_WARN_UNGUARDED_AVAILABILITY = YES_AGGRESSIVE;
				CLANG_WARN_UNREACHABLE_CODE = YES;
				CLANG_WARN__DUPLICATE_METHOD_MATCH = YES;
				COPY_PHASE_STRIP = NO;
				DEBUG_INFORMATION_FORMAT = "dwarf-with-dsym";
				ENABLE_NS_ASSERTIONS = NO;
				ENABLE_STRICT_OBJC_MSGSEND = YES;
				GCC_C_LANGUAGE_STANDARD = gnu11;
				GCC_NO_COMMON_BLOCKS = YES;
				GCC_WARN_64_TO_32_BIT_CONVERSION = YES;
				GCC_WARN_ABOUT_RETURN_TYPE = YES_ERROR;
				GCC_WARN_UNDECLARED_SELECTOR = YES;
				GCC_WARN_UNINITIALIZED_AUTOS = YES_AGGRESSIVE;
				GCC_WARN_UNUSED_FUNCTION = YES;
				GCC_WARN_UNUSED_VARIABLE = YES;
				IPHONEOS_DEPLOYMENT_TARGET = 16.4;
				MTL_ENABLE_DEBUG_INFO = NO;
				MTL_FAST_MATH = YES;
				SDKROOT = iphoneos;
				SWIFT_COMPILATION_MODE = wholemodule;
				SWIFT_OPTIMIZATION_LEVEL = "-O";
				VALIDATE_PRODUCT = YES;
			};
			name = Release;
		};
		89C2E8A72AA05E3D00A56E3D /* Debug */ = {
			isa = XCBuildConfiguration;
			buildSettings = {
				ASSETCATALOG_COMPILER_APPICON_NAME = AppIcon;
				ASSETCATALOG_COMPILER_GLOBAL_ACCENT_COLOR_NAME = AccentColor;
				CODE_SIGN_STYLE = Automatic;
				CURRENT_PROJECT_VERSION = 1;
				DEVELOPMENT_ASSET_PATHS = "\"CoffeeLog/Preview Content\"";
				DEVELOPMENT_TEAM = 522L437282;
				ENABLE_PREVIEWS = YES;
				GENERATE_INFOPLIST_FILE = YES;
				INFOPLIST_KEY_UIApplicationSceneManifest_Generation = YES;
				INFOPLIST_KEY_UIApplicationSupportsIndirectInputEvents = YES;
				INFOPLIST_KEY_UILaunchScreen_Generation = YES;
				INFOPLIST_KEY_UISupportedInterfaceOrientations_iPad = "UIInterfaceOrientationPortrait UIInterfaceOrientationPortraitUpsideDown UIInterfaceOrientationLandscapeLeft UIInterfaceOrientationLandscapeRight";
				INFOPLIST_KEY_UISupportedInterfaceOrientations_iPhone = "UIInterfaceOrientationPortrait UIInterfaceOrientationLandscapeLeft UIInterfaceOrientationLandscapeRight";
				IPHONEOS_DEPLOYMENT_TARGET = 16.4;
				LD_RUNPATH_SEARCH_PATHS = (
					"$(inherited)",
					"@executable_path/Frameworks",
				);
				MARKETING_VERSION = 1.0;
				PRODUCT_BUNDLE_IDENTIFIER = co.timwest.CoffeeLog;
				PRODUCT_NAME = "$(TARGET_NAME)";
				SWIFT_EMIT_LOC_STRINGS = YES;
				SWIFT_VERSION = 5.0;
				TARGETED_DEVICE_FAMILY = "1,2";
			};
			name = Debug;
		};
		89C2E8A82AA05E3D00A56E3D /* Release */ = {
			isa = XCBuildConfiguration;
			buildSettings = {
				ASSETCATALOG_COMPILER_APPICON_NAME = AppIcon;
				ASSETCATALOG_COMPILER_GLOBAL_ACCENT_COLOR_NAME = AccentColor;
				CODE_SIGN_STYLE = Automatic;
				CURRENT_PROJECT_VERSION = 1;
				DEVELOPMENT_ASSET_PATHS = "\"CoffeeLog/Preview Content\"";
				DEVELOPMENT_TEAM = 522L437282;
				ENABLE_PREVIEWS = YES;
				GENERATE_INFOPLIST_FILE = YES;
				INFOPLIST_KEY_UIApplicationSceneManifest_Generation = YES;
				INFOPLIST_KEY_UIApplicationSupportsIndirectInputEvents = YES;
				INFOPLIST_KEY_UILaunchScreen_Generation = YES;
				INFOPLIST_KEY_UISupportedInterfaceOrientations_iPad = "UIInterfaceOrientationPortrait UIInterfaceOrientationPortraitUpsideDown UIInterfaceOrientationLandscapeLeft UIInterfaceOrientationLandscapeRight";
				INFOPLIST_KEY_UISupportedInterfaceOrientations_iPhone = "UIInterfaceOrientationPortrait UIInterfaceOrientationLandscapeLeft UIInterfaceOrientationLandscapeRight";
				IPHONEOS_DEPLOYMENT_TARGET = 16.4;
				LD_RUNPATH_SEARCH_PATHS = (
					"$(inherited)",
					"@executable_path/Frameworks",
				);
				MARKETING_VERSION = 1.0;
				PRODUCT_BUNDLE_IDENTIFIER = co.timwest.CoffeeLog;
				PRODUCT_NAME = "$(TARGET_NAME)";
				SWIFT_EMIT_LOC_STRINGS = YES;
				SWIFT_VERSION = 5.0;
				TARGETED_DEVICE_FAMILY = "1,2";
			};
			name = Release;
		};
/* End XCBuildConfiguration section */

/* Begin XCConfigurationList section */
		89C2E8932AA05E3C00A56E3D /* Build configuration list for PBXProject "CoffeeLog" */ = {
			isa = XCConfigurationList;
			buildConfigurations = (
				89C2E8A42AA05E3D00A56E3D /* Debug */,
				89C2E8A52AA05E3D00A56E3D /* Release */,
			);
			defaultConfigurationIsVisible = 0;
			defaultConfigurationName = Release;
		};
		89C2E8A62AA05E3D00A56E3D /* Build configuration list for PBXNativeTarget "CoffeeLog" */ = {
			isa = XCConfigurationList;
			buildConfigurations = (
				89C2E8A72AA05E3D00A56E3D /* Debug */,
				89C2E8A82AA05E3D00A56E3D /* Release */,
			);
			defaultConfigurationIsVisible = 0;
			defaultConfigurationName = Release;
		};
/* End XCConfigurationList section */
	};
	rootObject = 89C2E8902AA05E3C00A56E3D /* Project object */;
}
